// !$*UTF8*$!
{
	archiveVersion = 1;
	classes = {
	};
	objectVersion = 48;
	objects = {

/* Begin PBXBuildFile section */
		691B950B1FC7FC43002BD82B /* VideoListVC.swift in Sources */ = {isa = PBXBuildFile; fileRef = 691B950A1FC7FC43002BD82B /* VideoListVC.swift */; };
		691B950F1FC800F2002BD82B /* VideoListModel.swift in Sources */ = {isa = PBXBuildFile; fileRef = 691B950E1FC800F2002BD82B /* VideoListModel.swift */; };
		691B95131FC801C4002BD82B /* ViedeoListCell.swift in Sources */ = {isa = PBXBuildFile; fileRef = 691B95111FC801C4002BD82B /* ViedeoListCell.swift */; };
		691B95141FC801C4002BD82B /* ViedeoListCell.xib in Resources */ = {isa = PBXBuildFile; fileRef = 691B95121FC801C4002BD82B /* ViedeoListCell.xib */; };
		69278AC51FC4459E0010A923 /* AppDelegate.swift in Sources */ = {isa = PBXBuildFile; fileRef = 69278AC41FC4459E0010A923 /* AppDelegate.swift */; };
		69278AC71FC4459E0010A923 /* ViewController.swift in Sources */ = {isa = PBXBuildFile; fileRef = 69278AC61FC4459E0010A923 /* ViewController.swift */; };
		69278ACA1FC4459E0010A923 /* Main.storyboard in Resources */ = {isa = PBXBuildFile; fileRef = 69278AC81FC4459E0010A923 /* Main.storyboard */; };
		69278ACC1FC4459E0010A923 /* Assets.xcassets in Resources */ = {isa = PBXBuildFile; fileRef = 69278ACB1FC4459E0010A923 /* Assets.xcassets */; };
		69278ACF1FC4459E0010A923 /* LaunchScreen.storyboard in Resources */ = {isa = PBXBuildFile; fileRef = 69278ACD1FC4459E0010A923 /* LaunchScreen.storyboard */; };
		69278ADA1FC4459E0010A923 /* TechLearningTests.swift in Sources */ = {isa = PBXBuildFile; fileRef = 69278AD91FC4459E0010A923 /* TechLearningTests.swift */; };
		69278AE51FC4459E0010A923 /* TechLearningUITests.swift in Sources */ = {isa = PBXBuildFile; fileRef = 69278AE41FC4459E0010A923 /* TechLearningUITests.swift */; };
		69EE55231FC809FF001D4362 /* ListModel.swift in Sources */ = {isa = PBXBuildFile; fileRef = 69EE55221FC809FF001D4362 /* ListModel.swift */; };
		69F986B11FC56EC5005567FF /* DemoSectionController.swift in Sources */ = {isa = PBXBuildFile; fileRef = 69F986B01FC56EC5005567FF /* DemoSectionController.swift */; };
		69F986B31FC56F29005567FF /* CollectionViewCell.swift in Sources */ = {isa = PBXBuildFile; fileRef = 69F986B21FC56F29005567FF /* CollectionViewCell.swift */; };
		69F986B51FC59555005567FF /* ListVC.swift in Sources */ = {isa = PBXBuildFile; fileRef = 69F986B41FC59555005567FF /* ListVC.swift */; };
		E3475B9A2B24288D69362C7E /* Pods_TechLearning.framework in Frameworks */ = {isa = PBXBuildFile; fileRef = B5B24B4DC0163A5670C450C9 /* Pods_TechLearning.framework */; };
/* End PBXBuildFile section */

/* Begin PBXContainerItemProxy section */
		69278AD61FC4459E0010A923 /* PBXContainerItemProxy */ = {
			isa = PBXContainerItemProxy;
			containerPortal = 69278AB91FC4459E0010A923 /* Project object */;
			proxyType = 1;
			remoteGlobalIDString = 69278AC01FC4459E0010A923;
			remoteInfo = TechLearning;
		};
		69278AE11FC4459E0010A923 /* PBXContainerItemProxy */ = {
			isa = PBXContainerItemProxy;
			containerPortal = 69278AB91FC4459E0010A923 /* Project object */;
			proxyType = 1;
			remoteGlobalIDString = 69278AC01FC4459E0010A923;
			remoteInfo = TechLearning;
		};
/* End PBXContainerItemProxy section */

/* Begin PBXFileReference section */
		690B091D1FC5181500EE08E4 /* IGListKit.framework */ = {isa = PBXFileReference; explicitFileType = wrapper.framework; path = IGListKit.framework; sourceTree = BUILT_PRODUCTS_DIR; };
		691B950A1FC7FC43002BD82B /* VideoListVC.swift */ = {isa = PBXFileReference; lastKnownFileType = sourcecode.swift; path = VideoListVC.swift; sourceTree = "<group>"; };
		691B950E1FC800F2002BD82B /* VideoListModel.swift */ = {isa = PBXFileReference; lastKnownFileType = sourcecode.swift; path = VideoListModel.swift; sourceTree = "<group>"; };
		691B95111FC801C4002BD82B /* ViedeoListCell.swift */ = {isa = PBXFileReference; lastKnownFileType = sourcecode.swift; path = ViedeoListCell.swift; sourceTree = "<group>"; };
		691B95121FC801C4002BD82B /* ViedeoListCell.xib */ = {isa = PBXFileReference; lastKnownFileType = file.xib; path = ViedeoListCell.xib; sourceTree = "<group>"; };
		69278AC11FC4459E0010A923 /* TechLearning.app */ = {isa = PBXFileReference; explicitFileType = wrapper.application; includeInIndex = 0; path = TechLearning.app; sourceTree = BUILT_PRODUCTS_DIR; };
		69278AC41FC4459E0010A923 /* AppDelegate.swift */ = {isa = PBXFileReference; lastKnownFileType = sourcecode.swift; path = AppDelegate.swift; sourceTree = "<group>"; };
		69278AC61FC4459E0010A923 /* ViewController.swift */ = {isa = PBXFileReference; lastKnownFileType = sourcecode.swift; path = ViewController.swift; sourceTree = "<group>"; };
		69278AC91FC4459E0010A923 /* Base */ = {isa = PBXFileReference; lastKnownFileType = file.storyboard; name = Base; path = Base.lproj/Main.storyboard; sourceTree = "<group>"; };
		69278ACB1FC4459E0010A923 /* Assets.xcassets */ = {isa = PBXFileReference; lastKnownFileType = folder.assetcatalog; path = Assets.xcassets; sourceTree = "<group>"; };
		69278ACE1FC4459E0010A923 /* Base */ = {isa = PBXFileReference; lastKnownFileType = file.storyboard; name = Base; path = Base.lproj/LaunchScreen.storyboard; sourceTree = "<group>"; };
		69278AD01FC4459E0010A923 /* Info.plist */ = {isa = PBXFileReference; lastKnownFileType = text.plist.xml; path = Info.plist; sourceTree = "<group>"; };
		69278AD51FC4459E0010A923 /* TechLearningTests.xctest */ = {isa = PBXFileReference; explicitFileType = wrapper.cfbundle; includeInIndex = 0; path = TechLearningTests.xctest; sourceTree = BUILT_PRODUCTS_DIR; };
		69278AD91FC4459E0010A923 /* TechLearningTests.swift */ = {isa = PBXFileReference; lastKnownFileType = sourcecode.swift; path = TechLearningTests.swift; sourceTree = "<group>"; };
		69278ADB1FC4459E0010A923 /* Info.plist */ = {isa = PBXFileReference; lastKnownFileType = text.plist.xml; path = Info.plist; sourceTree = "<group>"; };
		69278AE01FC4459E0010A923 /* TechLearningUITests.xctest */ = {isa = PBXFileReference; explicitFileType = wrapper.cfbundle; includeInIndex = 0; path = TechLearningUITests.xctest; sourceTree = BUILT_PRODUCTS_DIR; };
		69278AE41FC4459E0010A923 /* TechLearningUITests.swift */ = {isa = PBXFileReference; lastKnownFileType = sourcecode.swift; path = TechLearningUITests.swift; sourceTree = "<group>"; };
		69278AE61FC4459E0010A923 /* Info.plist */ = {isa = PBXFileReference; lastKnownFileType = text.plist.xml; path = Info.plist; sourceTree = "<group>"; };
		69278AF41FC44E2C0010A923 /* libIGListKit.a */ = {isa = PBXFileReference; explicitFileType = archive.ar; path = libIGListKit.a; sourceTree = BUILT_PRODUCTS_DIR; };
		69EE55221FC809FF001D4362 /* ListModel.swift */ = {isa = PBXFileReference; lastKnownFileType = sourcecode.swift; path = ListModel.swift; sourceTree = "<group>"; };
		69F986B01FC56EC5005567FF /* DemoSectionController.swift */ = {isa = PBXFileReference; fileEncoding = 4; lastKnownFileType = sourcecode.swift; path = DemoSectionController.swift; sourceTree = "<group>"; };
		69F986B21FC56F29005567FF /* CollectionViewCell.swift */ = {isa = PBXFileReference; lastKnownFileType = sourcecode.swift; path = CollectionViewCell.swift; sourceTree = "<group>"; };
		69F986B41FC59555005567FF /* ListVC.swift */ = {isa = PBXFileReference; lastKnownFileType = sourcecode.swift; path = ListVC.swift; sourceTree = "<group>"; };
		70975CD44C053B99F3B1783B /* Pods-TechLearning.debug.xcconfig */ = {isa = PBXFileReference; includeInIndex = 1; lastKnownFileType = text.xcconfig; name = "Pods-TechLearning.debug.xcconfig"; path = "Pods/Target Support Files/Pods-TechLearning/Pods-TechLearning.debug.xcconfig"; sourceTree = "<group>"; };
		B5B24B4DC0163A5670C450C9 /* Pods_TechLearning.framework */ = {isa = PBXFileReference; explicitFileType = wrapper.framework; includeInIndex = 0; path = Pods_TechLearning.framework; sourceTree = BUILT_PRODUCTS_DIR; };
		D67ADC780EC41D0DFA3FA55D /* Pods-TechLearning.release.xcconfig */ = {isa = PBXFileReference; includeInIndex = 1; lastKnownFileType = text.xcconfig; name = "Pods-TechLearning.release.xcconfig"; path = "Pods/Target Support Files/Pods-TechLearning/Pods-TechLearning.release.xcconfig"; sourceTree = "<group>"; };
/* End PBXFileReference section */

/* Begin PBXFrameworksBuildPhase section */
		69278ABE1FC4459E0010A923 /* Frameworks */ = {
			isa = PBXFrameworksBuildPhase;
			buildActionMask = 2147483647;
			files = (
				E3475B9A2B24288D69362C7E /* Pods_TechLearning.framework in Frameworks */,
			);
			runOnlyForDeploymentPostprocessing = 0;
		};
		69278AD21FC4459E0010A923 /* Frameworks */ = {
			isa = PBXFrameworksBuildPhase;
			buildActionMask = 2147483647;
			files = (
			);
			runOnlyForDeploymentPostprocessing = 0;
		};
		69278ADD1FC4459E0010A923 /* Frameworks */ = {
			isa = PBXFrameworksBuildPhase;
			buildActionMask = 2147483647;
			files = (
			);
			runOnlyForDeploymentPostprocessing = 0;
		};
/* End PBXFrameworksBuildPhase section */

/* Begin PBXGroup section */
		691B950D1FC800DE002BD82B /* Model */ = {
			isa = PBXGroup;
			children = (
				691B950E1FC800F2002BD82B /* VideoListModel.swift */,
				69EE55221FC809FF001D4362 /* ListModel.swift */,
			);
			path = Model;
			sourceTree = "<group>";
		};
		691B95101FC801A5002BD82B /* View */ = {
			isa = PBXGroup;
			children = (
				69F986B21FC56F29005567FF /* CollectionViewCell.swift */,
				691B95111FC801C4002BD82B /* ViedeoListCell.swift */,
				691B95121FC801C4002BD82B /* ViedeoListCell.xib */,
			);
			path = View;
			sourceTree = "<group>";
		};
		69278AB81FC4459E0010A923 = {
			isa = PBXGroup;
			children = (
				69278AC31FC4459E0010A923 /* TechLearning */,
				69278AD81FC4459E0010A923 /* TechLearningTests */,
				69278AE31FC4459E0010A923 /* TechLearningUITests */,
				69278AC21FC4459E0010A923 /* Products */,
				B5BD11032A9344865CA92B01 /* Pods */,
				8F76E0CAD31E7CC9305D25B0 /* Frameworks */,
			);
			sourceTree = "<group>";
		};
		69278AC21FC4459E0010A923 /* Products */ = {
			isa = PBXGroup;
			children = (
				69278AC11FC4459E0010A923 /* TechLearning.app */,
				69278AD51FC4459E0010A923 /* TechLearningTests.xctest */,
				69278AE01FC4459E0010A923 /* TechLearningUITests.xctest */,
			);
			name = Products;
			sourceTree = "<group>";
		};
		69278AC31FC4459E0010A923 /* TechLearning */ = {
			isa = PBXGroup;
			children = (
				691B95101FC801A5002BD82B /* View */,
				691B950D1FC800DE002BD82B /* Model */,
				69F986B01FC56EC5005567FF /* DemoSectionController.swift */,
				69278AC41FC4459E0010A923 /* AppDelegate.swift */,
				69278AC61FC4459E0010A923 /* ViewController.swift */,
				69F986B41FC59555005567FF /* ListVC.swift */,
				691B950A1FC7FC43002BD82B /* VideoListVC.swift */,
				69278AC81FC4459E0010A923 /* Main.storyboard */,
				69278ACB1FC4459E0010A923 /* Assets.xcassets */,
				69278ACD1FC4459E0010A923 /* LaunchScreen.storyboard */,
				69278AD01FC4459E0010A923 /* Info.plist */,
			);
			path = TechLearning;
			sourceTree = "<group>";
		};
		69278AD81FC4459E0010A923 /* TechLearningTests */ = {
			isa = PBXGroup;
			children = (
				69278AD91FC4459E0010A923 /* TechLearningTests.swift */,
				69278ADB1FC4459E0010A923 /* Info.plist */,
			);
			path = TechLearningTests;
			sourceTree = "<group>";
		};
		69278AE31FC4459E0010A923 /* TechLearningUITests */ = {
			isa = PBXGroup;
			children = (
				69278AE41FC4459E0010A923 /* TechLearningUITests.swift */,
				69278AE61FC4459E0010A923 /* Info.plist */,
			);
			path = TechLearningUITests;
			sourceTree = "<group>";
		};
		8F76E0CAD31E7CC9305D25B0 /* Frameworks */ = {
			isa = PBXGroup;
			children = (
				690B091D1FC5181500EE08E4 /* IGListKit.framework */,
				69278AF41FC44E2C0010A923 /* libIGListKit.a */,
				B5B24B4DC0163A5670C450C9 /* Pods_TechLearning.framework */,
			);
			name = Frameworks;
			sourceTree = "<group>";
		};
		B5BD11032A9344865CA92B01 /* Pods */ = {
			isa = PBXGroup;
			children = (
				70975CD44C053B99F3B1783B /* Pods-TechLearning.debug.xcconfig */,
				D67ADC780EC41D0DFA3FA55D /* Pods-TechLearning.release.xcconfig */,
			);
			name = Pods;
			sourceTree = "<group>";
		};
/* End PBXGroup section */

/* Begin PBXNativeTarget section */
		69278AC01FC4459E0010A923 /* TechLearning */ = {
			isa = PBXNativeTarget;
			buildConfigurationList = 69278AE91FC4459E0010A923 /* Build configuration list for PBXNativeTarget "TechLearning" */;
			buildPhases = (
				C32EE5DE8808AE34592242E1 /* [CP] Check Pods Manifest.lock */,
				69278ABD1FC4459E0010A923 /* Sources */,
				69278ABE1FC4459E0010A923 /* Frameworks */,
				69278ABF1FC4459E0010A923 /* Resources */,
				FC8152883474CFE990E461D2 /* [CP] Embed Pods Frameworks */,
				DE8AFD3E7E43D1ED04984F18 /* [CP] Copy Pods Resources */,
			);
			buildRules = (
			);
			dependencies = (
			);
			name = TechLearning;
			productName = TechLearning;
			productReference = 69278AC11FC4459E0010A923 /* TechLearning.app */;
			productType = "com.apple.product-type.application";
		};
		69278AD41FC4459E0010A923 /* TechLearningTests */ = {
			isa = PBXNativeTarget;
			buildConfigurationList = 69278AEC1FC4459E0010A923 /* Build configuration list for PBXNativeTarget "TechLearningTests" */;
			buildPhases = (
				69278AD11FC4459E0010A923 /* Sources */,
				69278AD21FC4459E0010A923 /* Frameworks */,
				69278AD31FC4459E0010A923 /* Resources */,
			);
			buildRules = (
			);
			dependencies = (
				69278AD71FC4459E0010A923 /* PBXTargetDependency */,
			);
			name = TechLearningTests;
			productName = TechLearningTests;
			productReference = 69278AD51FC4459E0010A923 /* TechLearningTests.xctest */;
			productType = "com.apple.product-type.bundle.unit-test";
		};
		69278ADF1FC4459E0010A923 /* TechLearningUITests */ = {
			isa = PBXNativeTarget;
			buildConfigurationList = 69278AEF1FC4459E0010A923 /* Build configuration list for PBXNativeTarget "TechLearningUITests" */;
			buildPhases = (
				69278ADC1FC4459E0010A923 /* Sources */,
				69278ADD1FC4459E0010A923 /* Frameworks */,
				69278ADE1FC4459E0010A923 /* Resources */,
			);
			buildRules = (
			);
			dependencies = (
				69278AE21FC4459E0010A923 /* PBXTargetDependency */,
			);
			name = TechLearningUITests;
			productName = TechLearningUITests;
			productReference = 69278AE01FC4459E0010A923 /* TechLearningUITests.xctest */;
			productType = "com.apple.product-type.bundle.ui-testing";
		};
/* End PBXNativeTarget section */

/* Begin PBXProject section */
		69278AB91FC4459E0010A923 /* Project object */ = {
			isa = PBXProject;
			attributes = {
				LastSwiftUpdateCheck = 0910;
				LastUpgradeCheck = 0910;
				ORGANIZATIONNAME = zcm;
				TargetAttributes = {
					69278AC01FC4459E0010A923 = {
						CreatedOnToolsVersion = 9.1;
						ProvisioningStyle = Automatic;
					};
					69278AD41FC4459E0010A923 = {
						CreatedOnToolsVersion = 9.1;
						ProvisioningStyle = Automatic;
						TestTargetID = 69278AC01FC4459E0010A923;
					};
					69278ADF1FC4459E0010A923 = {
						CreatedOnToolsVersion = 9.1;
						ProvisioningStyle = Automatic;
						TestTargetID = 69278AC01FC4459E0010A923;
					};
				};
			};
			buildConfigurationList = 69278ABC1FC4459E0010A923 /* Build configuration list for PBXProject "TechLearning" */;
			compatibilityVersion = "Xcode 8.0";
			developmentRegion = en;
			hasScannedForEncodings = 0;
			knownRegions = (
				en,
				Base,
			);
			mainGroup = 69278AB81FC4459E0010A923;
			productRefGroup = 69278AC21FC4459E0010A923 /* Products */;
			projectDirPath = "";
			projectRoot = "";
			targets = (
				69278AC01FC4459E0010A923 /* TechLearning */,
				69278AD41FC4459E0010A923 /* TechLearningTests */,
				69278ADF1FC4459E0010A923 /* TechLearningUITests */,
			);
		};
/* End PBXProject section */

/* Begin PBXResourcesBuildPhase section */
		69278ABF1FC4459E0010A923 /* Resources */ = {
			isa = PBXResourcesBuildPhase;
			buildActionMask = 2147483647;
			files = (
				69278ACF1FC4459E0010A923 /* LaunchScreen.storyboard in Resources */,
				69278ACC1FC4459E0010A923 /* Assets.xcassets in Resources */,
				69278ACA1FC4459E0010A923 /* Main.storyboard in Resources */,
				691B95141FC801C4002BD82B /* ViedeoListCell.xib in Resources */,
			);
			runOnlyForDeploymentPostprocessing = 0;
		};
		69278AD31FC4459E0010A923 /* Resources */ = {
			isa = PBXResourcesBuildPhase;
			buildActionMask = 2147483647;
			files = (
			);
			runOnlyForDeploymentPostprocessing = 0;
		};
		69278ADE1FC4459E0010A923 /* Resources */ = {
			isa = PBXResourcesBuildPhase;
			buildActionMask = 2147483647;
			files = (
			);
			runOnlyForDeploymentPostprocessing = 0;
		};
/* End PBXResourcesBuildPhase section */

/* Begin PBXShellScriptBuildPhase section */
		C32EE5DE8808AE34592242E1 /* [CP] Check Pods Manifest.lock */ = {
			isa = PBXShellScriptBuildPhase;
			buildActionMask = 2147483647;
			files = (
			);
			inputPaths = (
				"${PODS_PODFILE_DIR_PATH}/Podfile.lock",
				"${PODS_ROOT}/Manifest.lock",
			);
			name = "[CP] Check Pods Manifest.lock";
			outputPaths = (
				"$(DERIVED_FILE_DIR)/Pods-TechLearning-checkManifestLockResult.txt",
			);
			runOnlyForDeploymentPostprocessing = 0;
			shellPath = /bin/sh;
			shellScript = "diff \"${PODS_PODFILE_DIR_PATH}/Podfile.lock\" \"${PODS_ROOT}/Manifest.lock\" > /dev/null\nif [ $? != 0 ] ; then\n    # print error to STDERR\n    echo \"error: The sandbox is not in sync with the Podfile.lock. Run 'pod install' or update your CocoaPods installation.\" >&2\n    exit 1\nfi\n# This output is used by Xcode 'outputs' to avoid re-running this script phase.\necho \"SUCCESS\" > \"${SCRIPT_OUTPUT_FILE_0}\"\n";
			showEnvVarsInLog = 0;
		};
		DE8AFD3E7E43D1ED04984F18 /* [CP] Copy Pods Resources */ = {
			isa = PBXShellScriptBuildPhase;
			buildActionMask = 2147483647;
			files = (
			);
			inputPaths = (
			);
			name = "[CP] Copy Pods Resources";
			outputPaths = (
			);
			runOnlyForDeploymentPostprocessing = 0;
			shellPath = /bin/sh;
			shellScript = "\"${SRCROOT}/Pods/Target Support Files/Pods-TechLearning/Pods-TechLearning-resources.sh\"\n";
			showEnvVarsInLog = 0;
		};
		FC8152883474CFE990E461D2 /* [CP] Embed Pods Frameworks */ = {
			isa = PBXShellScriptBuildPhase;
			buildActionMask = 2147483647;
			files = (
			);
			inputPaths = (
				"${SRCROOT}/Pods/Target Support Files/Pods-TechLearning/Pods-TechLearning-frameworks.sh",
				"${BUILT_PRODUCTS_DIR}/Alamofire/Alamofire.framework",
				"${BUILT_PRODUCTS_DIR}/IGListKit/IGListKit.framework",
				"${BUILT_PRODUCTS_DIR}/MBProgressHUD/MBProgressHUD.framework",
				"${BUILT_PRODUCTS_DIR}/SDWebImage/SDWebImage.framework",
				"${BUILT_PRODUCTS_DIR}/SwiftyJSON/SwiftyJSON.framework",
			);
			name = "[CP] Embed Pods Frameworks";
			outputPaths = (
				"${TARGET_BUILD_DIR}/${FRAMEWORKS_FOLDER_PATH}/Alamofire.framework",
				"${TARGET_BUILD_DIR}/${FRAMEWORKS_FOLDER_PATH}/IGListKit.framework",
				"${TARGET_BUILD_DIR}/${FRAMEWORKS_FOLDER_PATH}/MBProgressHUD.framework",
				"${TARGET_BUILD_DIR}/${FRAMEWORKS_FOLDER_PATH}/SDWebImage.framework",
				"${TARGET_BUILD_DIR}/${FRAMEWORKS_FOLDER_PATH}/SwiftyJSON.framework",
			);
			runOnlyForDeploymentPostprocessing = 0;
			shellPath = /bin/sh;
			shellScript = "\"${SRCROOT}/Pods/Target Support Files/Pods-TechLearning/Pods-TechLearning-frameworks.sh\"\n";
			showEnvVarsInLog = 0;
		};
/* End PBXShellScriptBuildPhase section */

/* Begin PBXSourcesBuildPhase section */
		69278ABD1FC4459E0010A923 /* Sources */ = {
			isa = PBXSourcesBuildPhase;
			buildActionMask = 2147483647;
			files = (
				69EE55231FC809FF001D4362 /* ListModel.swift in Sources */,
				691B950B1FC7FC43002BD82B /* VideoListVC.swift in Sources */,
				69278AC71FC4459E0010A923 /* ViewController.swift in Sources */,
				69F986B51FC59555005567FF /* ListVC.swift in Sources */,
				691B950F1FC800F2002BD82B /* VideoListModel.swift in Sources */,
				69278AC51FC4459E0010A923 /* AppDelegate.swift in Sources */,
				69F986B31FC56F29005567FF /* CollectionViewCell.swift in Sources */,
				69F986B11FC56EC5005567FF /* DemoSectionController.swift in Sources */,
				691B95131FC801C4002BD82B /* ViedeoListCell.swift in Sources */,
			);
			runOnlyForDeploymentPostprocessing = 0;
		};
		69278AD11FC4459E0010A923 /* Sources */ = {
			isa = PBXSourcesBuildPhase;
			buildActionMask = 2147483647;
			files = (
				69278ADA1FC4459E0010A923 /* TechLearningTests.swift in Sources */,
			);
			runOnlyForDeploymentPostprocessing = 0;
		};
		69278ADC1FC4459E0010A923 /* Sources */ = {
			isa = PBXSourcesBuildPhase;
			buildActionMask = 2147483647;
			files = (
				69278AE51FC4459E0010A923 /* TechLearningUITests.swift in Sources */,
			);
			runOnlyForDeploymentPostprocessing = 0;
		};
/* End PBXSourcesBuildPhase section */

/* Begin PBXTargetDependency section */
		69278AD71FC4459E0010A923 /* PBXTargetDependency */ = {
			isa = PBXTargetDependency;
			target = 69278AC01FC4459E0010A923 /* TechLearning */;
			targetProxy = 69278AD61FC4459E0010A923 /* PBXContainerItemProxy */;
		};
		69278AE21FC4459E0010A923 /* PBXTargetDependency */ = {
			isa = PBXTargetDependency;
			target = 69278AC01FC4459E0010A923 /* TechLearning */;
			targetProxy = 69278AE11FC4459E0010A923 /* PBXContainerItemProxy */;
		};
/* End PBXTargetDependency section */

/* Begin PBXVariantGroup section */
		69278AC81FC4459E0010A923 /* Main.storyboard */ = {
			isa = PBXVariantGroup;
			children = (
				69278AC91FC4459E0010A923 /* Base */,
			);
			name = Main.storyboard;
			sourceTree = "<group>";
		};
		69278ACD1FC4459E0010A923 /* LaunchScreen.storyboard */ = {
			isa = PBXVariantGroup;
			children = (
				69278ACE1FC4459E0010A923 /* Base */,
			);
			name = LaunchScreen.storyboard;
			sourceTree = "<group>";
		};
/* End PBXVariantGroup section */

/* Begin XCBuildConfiguration section */
		69278AE71FC4459E0010A923 /* Debug */ = {
			isa = XCBuildConfiguration;
			buildSettings = {
				ALWAYS_SEARCH_USER_PATHS = NO;
				CLANG_ANALYZER_NONNULL = YES;
				CLANG_ANALYZER_NUMBER_OBJECT_CONVERSION = YES_AGGRESSIVE;
				CLANG_CXX_LANGUAGE_STANDARD = "gnu++14";
				CLANG_CXX_LIBRARY = "libc++";
				CLANG_ENABLE_MODULES = YES;
				CLANG_ENABLE_OBJC_ARC = YES;
				CLANG_WARN_BLOCK_CAPTURE_AUTORELEASING = YES;
				CLANG_WARN_BOOL_CONVERSION = YES;
				CLANG_WARN_COMMA = YES;
				CLANG_WARN_CONSTANT_CONVERSION = YES;
				CLANG_WARN_DIRECT_OBJC_ISA_USAGE = YES_ERROR;
				CLANG_WARN_DOCUMENTATION_COMMENTS = YES;
				CLANG_WARN_EMPTY_BODY = YES;
				CLANG_WARN_ENUM_CONVERSION = YES;
				CLANG_WARN_INFINITE_RECURSION = YES;
				CLANG_WARN_INT_CONVERSION = YES;
				CLANG_WARN_NON_LITERAL_NULL_CONVERSION = YES;
				CLANG_WARN_OBJC_LITERAL_CONVERSION = YES;
				CLANG_WARN_OBJC_ROOT_CLASS = YES_ERROR;
				CLANG_WARN_RANGE_LOOP_ANALYSIS = YES;
				CLANG_WARN_STRICT_PROTOTYPES = YES;
				CLANG_WARN_SUSPICIOUS_MOVE = YES;
				CLANG_WARN_UNGUARDED_AVAILABILITY = YES_AGGRESSIVE;
				CLANG_WARN_UNREACHABLE_CODE = YES;
				CLANG_WARN__DUPLICATE_METHOD_MATCH = YES;
				CODE_SIGN_IDENTITY = "iPhone Developer";
				COPY_PHASE_STRIP = NO;
				DEBUG_INFORMATION_FORMAT = dwarf;
				ENABLE_STRICT_OBJC_MSGSEND = YES;
				ENABLE_TESTABILITY = YES;
				GCC_C_LANGUAGE_STANDARD = gnu11;
				GCC_DYNAMIC_NO_PIC = NO;
				GCC_NO_COMMON_BLOCKS = YES;
				GCC_OPTIMIZATION_LEVEL = 0;
				GCC_PREPROCESSOR_DEFINITIONS = (
					"DEBUG=1",
					"$(inherited)",
				);
				GCC_WARN_64_TO_32_BIT_CONVERSION = YES;
				GCC_WARN_ABOUT_RETURN_TYPE = YES_ERROR;
				GCC_WARN_UNDECLARED_SELECTOR = YES;
				GCC_WARN_UNINITIALIZED_AUTOS = YES_AGGRESSIVE;
				GCC_WARN_UNUSED_FUNCTION = YES;
				GCC_WARN_UNUSED_VARIABLE = YES;
				IPHONEOS_DEPLOYMENT_TARGET = 11.1;
				MTL_ENABLE_DEBUG_INFO = YES;
				ONLY_ACTIVE_ARCH = YES;
				SDKROOT = iphoneos;
				SWIFT_ACTIVE_COMPILATION_CONDITIONS = DEBUG;
				SWIFT_OPTIMIZATION_LEVEL = "-Onone";
			};
			name = Debug;
		};
		69278AE81FC4459E0010A923 /* Release */ = {
			isa = XCBuildConfiguration;
			buildSettings = {
				ALWAYS_SEARCH_USER_PATHS = NO;
				CLANG_ANALYZER_NONNULL = YES;
				CLANG_ANALYZER_NUMBER_OBJECT_CONVERSION = YES_AGGRESSIVE;
				CLANG_CXX_LANGUAGE_STANDARD = "gnu++14";
				CLANG_CXX_LIBRARY = "libc++";
				CLANG_ENABLE_MODULES = YES;
				CLANG_ENABLE_OBJC_ARC = YES;
				CLANG_WARN_BLOCK_CAPTURE_AUTORELEASING = YES;
				CLANG_WARN_BOOL_CONVERSION = YES;
				CLANG_WARN_COMMA = YES;
				CLANG_WARN_CONSTANT_CONVERSION = YES;
				CLANG_WARN_DIRECT_OBJC_ISA_USAGE = YES_ERROR;
				CLANG_WARN_DOCUMENTATION_COMMENTS = YES;
				CLANG_WARN_EMPTY_BODY = YES;
				CLANG_WARN_ENUM_CONVERSION = YES;
				CLANG_WARN_INFINITE_RECURSION = YES;
				CLANG_WARN_INT_CONVERSION = YES;
				CLANG_WARN_NON_LITERAL_NULL_CONVERSION = YES;
				CLANG_WARN_OBJC_LITERAL_CONVERSION = YES;
				CLANG_WARN_OBJC_ROOT_CLASS = YES_ERROR;
				CLANG_WARN_RANGE_LOOP_ANALYSIS = YES;
				CLANG_WARN_STRICT_PROTOTYPES = YES;
				CLANG_WARN_SUSPICIOUS_MOVE = YES;
				CLANG_WARN_UNGUARDED_AVAILABILITY = YES_AGGRESSIVE;
				CLANG_WARN_UNREACHABLE_CODE = YES;
				CLANG_WARN__DUPLICATE_METHOD_MATCH = YES;
				CODE_SIGN_IDENTITY = "iPhone Developer";
				COPY_PHASE_STRIP = NO;
				DEBUG_INFORMATION_FORMAT = "dwarf-with-dsym";
				ENABLE_NS_ASSERTIONS = NO;
				ENABLE_STRICT_OBJC_MSGSEND = YES;
				GCC_C_LANGUAGE_STANDARD = gnu11;
				GCC_NO_COMMON_BLOCKS = YES;
				GCC_WARN_64_TO_32_BIT_CONVERSION = YES;
				GCC_WARN_ABOUT_RETURN_TYPE = YES_ERROR;
				GCC_WARN_UNDECLARED_SELECTOR = YES;
				GCC_WARN_UNINITIALIZED_AUTOS = YES_AGGRESSIVE;
				GCC_WARN_UNUSED_FUNCTION = YES;
				GCC_WARN_UNUSED_VARIABLE = YES;
				IPHONEOS_DEPLOYMENT_TARGET = 11.1;
				MTL_ENABLE_DEBUG_INFO = NO;
				SDKROOT = iphoneos;
				SWIFT_OPTIMIZATION_LEVEL = "-Owholemodule";
				VALIDATE_PRODUCT = YES;
			};
			name = Release;
		};
		69278AEA1FC4459E0010A923 /* Debug */ = {
			isa = XCBuildConfiguration;
			baseConfigurationReference = 70975CD44C053B99F3B1783B /* Pods-TechLearning.debug.xcconfig */;
			buildSettings = {
				ASSETCATALOG_COMPILER_APPICON_NAME = AppIcon;
				CODE_SIGN_STYLE = Automatic;
				GCC_PREFIX_HEADER = "";
				INFOPLIST_FILE = TechLearning/Info.plist;
				LD_RUNPATH_SEARCH_PATHS = "$(inherited) @executable_path/Frameworks";
				PRODUCT_BUNDLE_IDENTIFIER = zcm.TechLearning;
				PRODUCT_NAME = "$(TARGET_NAME)";
				SWIFT_OBJC_BRIDGING_HEADER = "";
				SWIFT_VERSION = 4.0;
				TARGETED_DEVICE_FAMILY = "1,2";
			};
			name = Debug;
		};
		69278AEB1FC4459E0010A923 /* Release */ = {
			isa = XCBuildConfiguration;
			baseConfigurationReference = D67ADC780EC41D0DFA3FA55D /* Pods-TechLearning.release.xcconfig */;
			buildSettings = {
				ASSETCATALOG_COMPILER_APPICON_NAME = AppIcon;
				CODE_SIGN_STYLE = Automatic;
				GCC_PREFIX_HEADER = "";
				INFOPLIST_FILE = TechLearning/Info.plist;
				LD_RUNPATH_SEARCH_PATHS = "$(inherited) @executable_path/Frameworks";
				PRODUCT_BUNDLE_IDENTIFIER = zcm.TechLearning;
				PRODUCT_NAME = "$(TARGET_NAME)";
				SWIFT_OBJC_BRIDGING_HEADER = "";
				SWIFT_VERSION = 4.0;
				TARGETED_DEVICE_FAMILY = "1,2";
			};
			name = Release;
		};
		69278AED1FC4459E0010A923 /* Debug */ = {
			isa = XCBuildConfiguration;
			buildSettings = {
				ALWAYS_EMBED_SWIFT_STANDARD_LIBRARIES = YES;
				BUNDLE_LOADER = "$(TEST_HOST)";
				CODE_SIGN_STYLE = Automatic;
				INFOPLIST_FILE = TechLearningTests/Info.plist;
				LD_RUNPATH_SEARCH_PATHS = "$(inherited) @executable_path/Frameworks @loader_path/Frameworks";
				PRODUCT_BUNDLE_IDENTIFIER = zcm.TechLearningTests;
				PRODUCT_NAME = "$(TARGET_NAME)";
				SWIFT_VERSION = 4.0;
				TARGETED_DEVICE_FAMILY = "1,2";
				TEST_HOST = "$(BUILT_PRODUCTS_DIR)/TechLearning.app/TechLearning";
			};
			name = Debug;
		};
		69278AEE1FC4459E0010A923 /* Release */ = {
			isa = XCBuildConfiguration;
			buildSettings = {
				ALWAYS_EMBED_SWIFT_STANDARD_LIBRARIES = YES;
				BUNDLE_LOADER = "$(TEST_HOST)";
				CODE_SIGN_STYLE = Automatic;
				INFOPLIST_FILE = TechLearningTests/Info.plist;
				LD_RUNPATH_SEARCH_PATHS = "$(inherited) @executable_path/Frameworks @loader_path/Frameworks";
				PRODUCT_BUNDLE_IDENTIFIER = zcm.TechLearningTests;
				PRODUCT_NAME = "$(TARGET_NAME)";
				SWIFT_VERSION = 4.0;
				TARGETED_DEVICE_FAMILY = "1,2";
				TEST_HOST = "$(BUILT_PRODUCTS_DIR)/TechLearning.app/TechLearning";
			};
			name = Release;
		};
		69278AF01FC4459E0010A923 /* Debug */ = {
			isa = XCBuildConfiguration;
			buildSettings = {
				ALWAYS_EMBED_SWIFT_STANDARD_LIBRARIES = YES;
				CODE_SIGN_STYLE = Automatic;
				INFOPLIST_FILE = TechLearningUITests/Info.plist;
				LD_RUNPATH_SEARCH_PATHS = "$(inherited) @executable_path/Frameworks @loader_path/Frameworks";
				PRODUCT_BUNDLE_IDENTIFIER = zcm.TechLearningUITests;
				PRODUCT_NAME = "$(TARGET_NAME)";
				SWIFT_VERSION = 4.0;
				TARGETED_DEVICE_FAMILY = "1,2";
				TEST_TARGET_NAME = TechLearning;
			};
			name = Debug;
		};
		69278AF11FC4459E0010A923 /* Release */ = {
			isa = XCBuildConfiguration;
			buildSettings = {
				ALWAYS_EMBED_SWIFT_STANDARD_LIBRARIES = YES;
				CODE_SIGN_STYLE = Automatic;
				INFOPLIST_FILE = TechLearningUITests/Info.plist;
				LD_RUNPATH_SEARCH_PATHS = "$(inherited) @executable_path/Frameworks @loader_path/Frameworks";
				PRODUCT_BUNDLE_IDENTIFIER = zcm.TechLearningUITests;
				PRODUCT_NAME = "$(TARGET_NAME)";
				SWIFT_VERSION = 4.0;
				TARGETED_DEVICE_FAMILY = "1,2";
				TEST_TARGET_NAME = TechLearning;
			};
			name = Release;
		};
/* End XCBuildConfiguration section */

/* Begin XCConfigurationList section */
		69278ABC1FC4459E0010A923 /* Build configuration list for PBXProject "TechLearning" */ = {
			isa = XCConfigurationList;
			buildConfigurations = (
				69278AE71FC4459E0010A923 /* Debug */,
				69278AE81FC4459E0010A923 /* Release */,
			);
			defaultConfigurationIsVisible = 0;
			defaultConfigurationName = Release;
		};
		69278AE91FC4459E0010A923 /* Build configuration list for PBXNativeTarget "TechLearning" */ = {
			isa = XCConfigurationList;
			buildConfigurations = (
				69278AEA1FC4459E0010A923 /* Debug */,
				69278AEB1FC4459E0010A923 /* Release */,
			);
			defaultConfigurationIsVisible = 0;
			defaultConfigurationName = Release;
		};
		69278AEC1FC4459E0010A923 /* Build configuration list for PBXNativeTarget "TechLearningTests" */ = {
			isa = XCConfigurationList;
			buildConfigurations = (
				69278AED1FC4459E0010A923 /* Debug */,
				69278AEE1FC4459E0010A923 /* Release */,
			);
			defaultConfigurationIsVisible = 0;
			defaultConfigurationName = Release;
		};
		69278AEF1FC4459E0010A923 /* Build configuration list for PBXNativeTarget "TechLearningUITests" */ = {
			isa = XCConfigurationList;
			buildConfigurations = (
				69278AF01FC4459E0010A923 /* Debug */,
				69278AF11FC4459E0010A923 /* Release */,
			);
			defaultConfigurationIsVisible = 0;
			defaultConfigurationName = Release;
		};
/* End XCConfigurationList section */
	};
	rootObject = 69278AB91FC4459E0010A923 /* Project object */;
}
